
Microsoft Visual Studio Solution File, Format Version 12.00
# Visual Studio Version 16
VisualStudioVersion = 16.0.31025.194
MinimumVisualStudioVersion = 10.0.40219.1
Project("{8BC9CEB8-8B4A-11D0-8D11-00A0C91BC942}") = "InnjectDll", "InnjectDll\InnjectDll.vcxproj", "{E09B4506-375E-4205-B62A-09C33E088FFA}"
EndProject
Project("{8BC9CEB8-8B4A-11D0-8D11-00A0C91BC942}") = "TestConsole", "..\TestConsole\TestConsole.vcxproj", "{62B70844-380C-49BE-8684-A4C65EEBC7EF}"
EndProject
Project("{8BC9CEB8-8B4A-11D0-8D11-00A0C91BC942}") = "TestApp", "..\TestApp\TestApp.vcxproj", "{7A44D87B-155A-4E36-BFBC-518138B5561A}"
EndProject
Project("{8BC9CEB8-8B4A-11D0-8D11-00A0C91BC942}") = "TestExe", "..\TestExe\TestExe.vcxproj", "{68184601-0C64-4C38-857E-3D4E9942237B}"
EndProject
Project("{8BC9CEB8-8B4A-11D0-8D11-00A0C91BC942}") = "Heap", "..\Heap\Heap.vcxproj", "{2438F1A8-1332-452E-A960-E0149CC6FCCA}"
EndProject
Project("{8BC9CEB8-8B4A-11D0-8D11-00A0C91BC942}") = "MessageBox", "..\MessageBox\MessageBox.vcxproj", "{E186A8C0-D62F-479C-A49B-01D512F28FEB}"
EndProject
Project("{8BC9CEB8-8B4A-11D0-8D11-00A0C91BC942}") = "File", "..\File\File.vcxproj", "{7BB1C5E6-0FB0-4515-BFC6-B14176446867}"
EndProject
Project("{8BC9CEB8-8B4A-11D0-8D11-00A0C91BC942}") = "Registry", "..\Registry\Registry.vcxproj", "{558D5C50-776D-462D-8D10-EA7D7D053C67}"
EndProject
Project("{8BC9CEB8-8B4A-11D0-8D11-00A0C91BC942}") = "Client", "..\Socket\Socket.vcxproj", "{730AF714-2A61-4BAF-84AC-644B8DA1377E}"
EndProject
Project("{8BC9CEB8-8B4A-11D0-8D11-00A0C91BC942}") = "Danger", "..\Danger\Danger.vcxproj", "{479D6BD8-48A0-45BE-9A88-9FF12CE20F02}"
EndProject
Project("{8BC9CEB8-8B4A-11D0-8D11-00A0C91BC942}") = "Server", "..\Server\Server.vcxproj", "{748F104F-4E58-4414-8BCC-BF05D15A3DB7}"
EndProject
Project("{8BC9CEB8-8B4A-11D0-8D11-00A0C91BC942}") = "URL", "..\URL\URL.vcxproj", "{5B5DF221-70DB-45B6-AE6B-40C4F3A08211}"
EndProject
Global
	GlobalSection(SolutionConfigurationPlatforms) = preSolution
		Debug|Any CPU = Debug|Any CPU
		Debug|x64 = Debug|x64
		Debug|x86 = Debug|x86
		Release|Any CPU = Release|Any CPU
		Release|x64 = Release|x64
		Release|x86 = Release|x86
	EndGlobalSection
	GlobalSection(ProjectConfigurationPlatforms) = postSolution
		{E09B4506-375E-4205-B62A-09C33E088FFA}.Debug|Any CPU.ActiveCfg = Debug|Win32
		{E09B4506-375E-4205-B62A-09C33E088FFA}.Debug|x64.ActiveCfg = Debug|x64
		{E09B4506-375E-4205-B62A-09C33E088FFA}.Debug|x64.Build.0 = Debug|x64
		{E09B4506-375E-4205-B62A-09C33E088FFA}.Debug|x86.ActiveCfg = Debug|Win32
		{E09B4506-375E-4205-B62A-09C33E088FFA}.Debug|x86.Build.0 = Debug|Win32
		{E09B4506-375E-4205-B62A-09C33E088FFA}.Release|Any CPU.ActiveCfg = Release|Win32
		{E09B4506-375E-4205-B62A-09C33E088FFA}.Release|x64.ActiveCfg = Release|x64
		{E09B4506-375E-4205-B62A-09C33E088FFA}.Release|x64.Build.0 = Release|x64
		{E09B4506-375E-4205-B62A-09C33E088FFA}.Release|x86.ActiveCfg = Release|Win32
		{E09B4506-375E-4205-B62A-09C33E088FFA}.Release|x86.Build.0 = Release|Win32
		{62B70844-380C-49BE-8684-A4C65EEBC7EF}.Debug|Any CPU.ActiveCfg = Debug|Win32
		{62B70844-380C-49BE-8684-A4C65EEBC7EF}.Debug|x64.ActiveCfg = Debug|x64
		{62B70844-380C-49BE-8684-A4C65EEBC7EF}.Debug|x64.Build.0 = Debug|x64
		{62B70844-380C-49BE-8684-A4C65EEBC7EF}.Debug|x86.ActiveCfg = Debug|Win32
		{62B70844-380C-49BE-8684-A4C65EEBC7EF}.Debug|x86.Build.0 = Debug|Win32
		{62B70844-380C-49BE-8684-A4C65EEBC7EF}.Release|Any CPU.ActiveCfg = Release|Win32
		{62B70844-380C-49BE-8684-A4C65EEBC7EF}.Release|x64.ActiveCfg = Release|x64
		{62B70844-380C-49BE-8684-A4C65EEBC7EF}.Release|x64.Build.0 = Release|x64
		{62B70844-380C-49BE-8684-A4C65EEBC7EF}.Release|x86.ActiveCfg = Release|Win32
		{62B70844-380C-49BE-8684-A4C65EEBC7EF}.Release|x86.Build.0 = Release|Win32
		{7A44D87B-155A-4E36-BFBC-518138B5561A}.Debug|Any CPU.ActiveCfg = Debug|Win32
		{7A44D87B-155A-4E36-BFBC-518138B5561A}.Debug|x64.ActiveCfg = Debug|x64
		{7A44D87B-155A-4E36-BFBC-518138B5561A}.Debug|x64.Build.0 = Debug|x64
		{7A44D87B-155A-4E36-BFBC-518138B5561A}.Debug|x86.ActiveCfg = Debug|Win32
		{7A44D87B-155A-4E36-BFBC-518138B5561A}.Debug|x86.Build.0 = Debug|Win32
		{7A44D87B-155A-4E36-BFBC-518138B5561A}.Release|Any CPU.ActiveCfg = Release|Win32
		{7A44D87B-155A-4E36-BFBC-518138B5561A}.Release|x64.ActiveCfg = Release|x64
		{7A44D87B-155A-4E36-BFBC-518138B5561A}.Release|x64.Build.0 = Release|x64
		{7A44D87B-155A-4E36-BFBC-518138B5561A}.Release|x86.ActiveCfg = Release|Win32
		{7A44D87B-155A-4E36-BFBC-518138B5561A}.Release|x86.Build.0 = Release|Win32
		{68184601-0C64-4C38-857E-3D4E9942237B}.Debug|Any CPU.ActiveCfg = Debug|Win32
		{68184601-0C64-4C38-857E-3D4E9942237B}.Debug|x64.ActiveCfg = Debug|x64
		{68184601-0C64-4C38-857E-3D4E9942237B}.Debug|x64.Build.0 = Debug|x64
		{68184601-0C64-4C38-857E-3D4E9942237B}.Debug|x86.ActiveCfg = Debug|Win32
		{68184601-0C64-4C38-857E-3D4E9942237B}.Debug|x86.Build.0 = Debug|Win32
		{68184601-0C64-4C38-857E-3D4E9942237B}.Release|Any CPU.ActiveCfg = Release|Win32
		{68184601-0C64-4C38-857E-3D4E9942237B}.Release|x64.ActiveCfg = Release|x64
		{68184601-0C64-4C38-857E-3D4E9942237B}.Release|x64.Build.0 = Release|x64
		{68184601-0C64-4C38-857E-3D4E9942237B}.Release|x86.ActiveCfg = Release|Win32
		{68184601-0C64-4C38-857E-3D4E9942237B}.Release|x86.Build.0 = Release|Win32
		{2438F1A8-1332-452E-A960-E0149CC6FCCA}.Debug|Any CPU.ActiveCfg = Debug|Win32
		{2438F1A8-1332-452E-A960-E0149CC6FCCA}.Debug|x64.ActiveCfg = Debug|x64
		{2438F1A8-1332-452E-A960-E0149CC6FCCA}.Debug|x64.Build.0 = Debug|x64
		{2438F1A8-1332-452E-A960-E0149CC6FCCA}.Debug|x86.ActiveCfg = Debug|Win32
		{2438F1A8-1332-452E-A960-E0149CC6FCCA}.Debug|x86.Build.0 = Debug|Win32
		{2438F1A8-1332-452E-A960-E0149CC6FCCA}.Release|Any CPU.ActiveCfg = Release|Win32
		{2438F1A8-1332-452E-A960-E0149CC6FCCA}.Release|x64.ActiveCfg = Release|x64
		{2438F1A8-1332-452E-A960-E0149CC6FCCA}.Release|x64.Build.0 = Release|x64
		{2438F1A8-1332-452E-A960-E0149CC6FCCA}.Release|x86.ActiveCfg = Release|Win32
		{2438F1A8-1332-452E-A960-E0149CC6FCCA}.Release|x86.Build.0 = Release|Win32
		{E186A8C0-D62F-479C-A49B-01D512F28FEB}.Debug|Any CPU.ActiveCfg = Debug|Win32
		{E186A8C0-D62F-479C-A49B-01D512F28FEB}.Debug|x64.ActiveCfg = Debug|x64
		{E186A8C0-D62F-479C-A49B-01D512F28FEB}.Debug|x64.Build.0 = Debug|x64
		{E186A8C0-D62F-479C-A49B-01D512F28FEB}.Debug|x86.ActiveCfg = Debug|Win32
		{E186A8C0-D62F-479C-A49B-01D512F28FEB}.Debug|x86.Build.0 = Debug|Win32
		{E186A8C0-D62F-479C-A49B-01D512F28FEB}.Release|Any CPU.ActiveCfg = Release|Win32
		{E186A8C0-D62F-479C-A49B-01D512F28FEB}.Release|x64.ActiveCfg = Release|x64
		{E186A8C0-D62F-479C-A49B-01D512F28FEB}.Release|x64.Build.0 = Release|x64
		{E186A8C0-D62F-479C-A49B-01D512F28FEB}.Release|x86.ActiveCfg = Release|Win32
		{E186A8C0-D62F-479C-A49B-01D512F28FEB}.Release|x86.Build.0 = Release|Win32
		{7BB1C5E6-0FB0-4515-BFC6-B14176446867}.Debug|Any CPU.ActiveCfg = Debug|Win32
		{7BB1C5E6-0FB0-4515-BFC6-B14176446867}.Debug|x64.ActiveCfg = Debug|x64
		{7BB1C5E6-0FB0-4515-BFC6-B14176446867}.Debug|x64.Build.0 = Debug|x64
		{7BB1C5E6-0FB0-4515-BFC6-B14176446867}.Debug|x86.ActiveCfg = Debug|Win32
		{7BB1C5E6-0FB0-4515-BFC6-B14176446867}.Debug|x86.Build.0 = Debug|Win32
		{7BB1C5E6-0FB0-4515-BFC6-B14176446867}.Release|Any CPU.ActiveCfg = Release|Win32
		{7BB1C5E6-0FB0-4515-BFC6-B14176446867}.Release|x64.ActiveCfg = Release|x64
		{7BB1C5E6-0FB0-4515-BFC6-B14176446867}.Release|x64.Build.0 = Release|x64
		{7BB1C5E6-0FB0-4515-BFC6-B14176446867}.Release|x86.ActiveCfg = Release|Win32
		{7BB1C5E6-0FB0-4515-BFC6-B14176446867}.Release|x86.Build.0 = Release|Win32
		{558D5C50-776D-462D-8D10-EA7D7D053C67}.Debug|Any CPU.ActiveCfg = Debug|Win32
		{558D5C50-776D-462D-8D10-EA7D7D053C67}.Debug|x64.ActiveCfg = Debug|x64
		{558D5C50-776D-462D-8D10-EA7D7D053C67}.Debug|x64.Build.0 = Debug|x64
		{558D5C50-776D-462D-8D10-EA7D7D053C67}.Debug|x86.ActiveCfg = Debug|Win32
		{558D5C50-776D-462D-8D10-EA7D7D053C67}.Debug|x86.Build.0 = Debug|Win32
		{558D5C50-776D-462D-8D10-EA7D7D053C67}.Release|Any CPU.ActiveCfg = Release|Win32
		{558D5C50-776D-462D-8D10-EA7D7D053C67}.Release|x64.ActiveCfg = Release|x64
		{558D5C50-776D-462D-8D10-EA7D7D053C67}.Release|x64.Build.0 = Release|x64
		{558D5C50-776D-462D-8D10-EA7D7D053C67}.Release|x86.ActiveCfg = Release|Win32
		{558D5C50-776D-462D-8D10-EA7D7D053C67}.Release|x86.Build.0 = Release|Win32
		{730AF714-2A61-4BAF-84AC-644B8DA1377E}.Debug|Any CPU.ActiveCfg = Debug|Win32
		{730AF714-2A61-4BAF-84AC-644B8DA1377E}.Debug|x64.ActiveCfg = Debug|x64
		{730AF714-2A61-4BAF-84AC-644B8DA1377E}.Debug|x64.Build.0 = Debug|x64
		{730AF714-2A61-4BAF-84AC-644B8DA1377E}.Debug|x86.ActiveCfg = Debug|Win32
		{730AF714-2A61-4BAF-84AC-644B8DA1377E}.Debug|x86.Build.0 = Debug|Win32
		{730AF714-2A61-4BAF-84AC-644B8DA1377E}.Release|Any CPU.ActiveCfg = Release|Win32
		{730AF714-2A61-4BAF-84AC-644B8DA1377E}.Release|x64.ActiveCfg = Release|x64
		{730AF714-2A61-4BAF-84AC-644B8DA1377E}.Release|x64.Build.0 = Release|x64
		{730AF714-2A61-4BAF-84AC-644B8DA1377E}.Release|x86.ActiveCfg = Release|Win32
		{730AF714-2A61-4BAF-84AC-644B8DA1377E}.Release|x86.Build.0 = Release|Win32
		{479D6BD8-48A0-45BE-9A88-9FF12CE20F02}.Debug|Any CPU.ActiveCfg = Debug|Win32
		{479D6BD8-48A0-45BE-9A88-9FF12CE20F02}.Debug|x64.ActiveCfg = Debug|x64
		{479D6BD8-48A0-45BE-9A88-9FF12CE20F02}.Debug|x64.Build.0 = Debug|x64
		{479D6BD8-48A0-45BE-9A88-9FF12CE20F02}.Debug|x86.ActiveCfg = Debug|Win32
		{479D6BD8-48A0-45BE-9A88-9FF12CE20F02}.Debug|x86.Build.0 = Debug|Win32
		{479D6BD8-48A0-45BE-9A88-9FF12CE20F02}.Release|Any CPU.ActiveCfg = Release|Win32
		{479D6BD8-48A0-45BE-9A88-9FF12CE20F02}.Release|x64.ActiveCfg = Release|x64
		{479D6BD8-48A0-45BE-9A88-9FF12CE20F02}.Release|x64.Build.0 = Release|x64
		{479D6BD8-48A0-45BE-9A88-9FF12CE20F02}.Release|x86.ActiveCfg = Release|Win32
		{479D6BD8-48A0-45BE-9A88-9FF12CE20F02}.Release|x86.Build.0 = Release|Win32
		{748F104F-4E58-4414-8BCC-BF05D15A3DB7}.Debug|Any CPU.ActiveCfg = Debug|Win32
		{748F104F-4E58-4414-8BCC-BF05D15A3DB7}.Debug|x64.ActiveCfg = Debug|x64
		{748F104F-4E58-4414-8BCC-BF05D15A3DB7}.Debug|x64.Build.0 = Debug|x64
		{748F104F-4E58-4414-8BCC-BF05D15A3DB7}.Debug|x86.ActiveCfg = Debug|Win32
		{748F104F-4E58-4414-8BCC-BF05D15A3DB7}.Debug|x86.Build.0 = Debug|Win32
		{748F104F-4E58-4414-8BCC-BF05D15A3DB7}.Release|Any CPU.ActiveCfg = Release|Win32
		{748F104F-4E58-4414-8BCC-BF05D15A3DB7}.Release|x64.ActiveCfg = Release|x64
		{748F104F-4E58-4414-8BCC-BF05D15A3DB7}.Release|x64.Build.0 = Release|x64
		{748F104F-4E58-4414-8BCC-BF05D15A3DB7}.Release|x86.ActiveCfg = Release|Win32
		{748F104F-4E58-4414-8BCC-BF05D15A3DB7}.Release|x86.Build.0 = Release|Win32
		{5B5DF221-70DB-45B6-AE6B-40C4F3A08211}.Debug|Any CPU.ActiveCfg = Debug|Win32
		{5B5DF221-70DB-45B6-AE6B-40C4F3A08211}.Debug|x64.ActiveCfg = Debug|x64
		{5B5DF221-70DB-45B6-AE6B-40C4F3A08211}.Debug|x64.Build.0 = Debug|x64
		{5B5DF221-70DB-45B6-AE6B-40C4F3A08211}.Debug|x86.ActiveCfg = Debug|Win32
		{5B5DF221-70DB-45B6-AE6B-40C4F3A08211}.Debug|x86.Build.0 = Debug|Win32
		{5B5DF221-70DB-45B6-AE6B-40C4F3A08211}.Release|Any CPU.ActiveCfg = Release|Win32
		{5B5DF221-70DB-45B6-AE6B-40C4F3A08211}.Release|x64.ActiveCfg = Release|x64
		{5B5DF221-70DB-45B6-AE6B-40C4F3A08211}.Release|x64.Build.0 = Release|x64
		{5B5DF221-70DB-45B6-AE6B-40C4F3A08211}.Release|x86.ActiveCfg = Release|Win32
		{5B5DF221-70DB-45B6-AE6B-40C4F3A08211}.Release|x86.Build.0 = Release|Win32
	EndGlobalSection
	GlobalSection(SolutionProperties) = preSolution
		HideSolutionNode = FALSE
	EndGlobalSection
	GlobalSection(ExtensibilityGlobals) = postSolution
		SolutionGuid = {8AD226A6-E82E-4AA4-ABFC-E2D715B0412E}
	EndGlobalSection
EndGlobal
